
Microsoft Visual Studio Solution File, Format Version 12.00
# Visual Studio Version 17
VisualStudioVersion = 17.5.33502.453
MinimumVisualStudioVersion = 10.0.40219.1
Project("{9A19103F-16F7-4668-BE54-9A1E7A4F7556}") = "Zest", "Zest\Zest.csproj", "{991EA465-1971-4740-BCC4-A470B8F07B1B}"
EndProject
Project("{9A19103F-16F7-4668-BE54-9A1E7A4F7556}") = "Zest.DBModels", "Zest.DBModels\Zest.DBModels.csproj", "{6572DCCD-62B5-4E9D-ADF0-CD02C1E57C30}"
EndProject
Project("{9A19103F-16F7-4668-BE54-9A1E7A4F7556}") = "Zest.ViewModels", "Zest.ViewModels\Zest.ViewModels.csproj", "{CD52D976-DB37-4C86-AEF8-4ADDAF163BFC}"
EndProject
Project("{FAE04EC0-301F-11D3-BF4B-00C04F79EFBC}") = "Zest.Services", "Zest.Services\Zest.Services.csproj", "{D79ACD13-103F-4ABC-B12B-354BA5DDFE3F}"
EndProject
Global
	GlobalSection(SolutionConfigurationPlatforms) = preSolution
		Debug|Any CPU = Debug|Any CPU
		Release|Any CPU = Release|Any CPU
	EndGlobalSection
	GlobalSection(ProjectConfigurationPlatforms) = postSolution
		{991EA465-1971-4740-BCC4-A470B8F07B1B}.Debug|Any CPU.ActiveCfg = Debug|Any CPU
		{991EA465-1971-4740-BCC4-A470B8F07B1B}.Debug|Any CPU.Build.0 = Debug|Any CPU
		{991EA465-1971-4740-BCC4-A470B8F07B1B}.Release|Any CPU.ActiveCfg = Release|Any CPU
		{991EA465-1971-4740-BCC4-A470B8F07B1B}.Release|Any CPU.Build.0 = Release|Any CPU
		{6572DCCD-62B5-4E9D-ADF0-CD02C1E57C30}.Debug|Any CPU.ActiveCfg = Debug|Any CPU
		{6572DCCD-62B5-4E9D-ADF0-CD02C1E57C30}.Debug|Any CPU.Build.0 = Debug|Any CPU
		{6572DCCD-62B5-4E9D-ADF0-CD02C1E57C30}.Release|Any CPU.ActiveCfg = Release|Any CPU
		{6572DCCD-62B5-4E9D-ADF0-CD02C1E57C30}.Release|Any CPU.Build.0 = Release|Any CPU
		{CD52D976-DB37-4C86-AEF8-4ADDAF163BFC}.Debug|Any CPU.ActiveCfg = Debug|Any CPU
		{CD52D976-DB37-4C86-AEF8-4ADDAF163BFC}.Debug|Any CPU.Build.0 = Debug|Any CPU
		{CD52D976-DB37-4C86-AEF8-4ADDAF163BFC}.Release|Any CPU.ActiveCfg = Release|Any CPU
		{CD52D976-DB37-4C86-AEF8-4ADDAF163BFC}.Release|Any CPU.Build.0 = Release|Any CPU
		{D79ACD13-103F-4ABC-B12B-354BA5DDFE3F}.Debug|Any CPU.ActiveCfg = Debug|Any CPU
		{D79ACD13-103F-4ABC-B12B-354BA5DDFE3F}.Debug|Any CPU.Build.0 = Debug|Any CPU
		{D79ACD13-103F-4ABC-B12B-354BA5DDFE3F}.Release|Any CPU.ActiveCfg = Release|Any CPU
		{D79ACD13-103F-4ABC-B12B-354BA5DDFE3F}.Release|Any CPU.Build.0 = Release|Any CPU
	EndGlobalSection
	GlobalSection(SolutionProperties) = preSolution
		HideSolutionNode = FALSE
	EndGlobalSection
	GlobalSection(ExtensibilityGlobals) = postSolution
		SolutionGuid = {EC0DF69D-722B-4505-BE84-8E3F2DD845B2}
	EndGlobalSection
EndGlobal
